
Microsoft Visual Studio Solution File, Format Version 12.00
# Visual Studio Version 16
VisualStudioVersion = 16.0.28803.156
MinimumVisualStudioVersion = 10.0.40219.1
Project("{9A19103F-16F7-4668-BE54-9A1E7A4F7556}") = "Buran.Core.Library", "BuranCore.Library\Buran.Core.Library.csproj", "{8C6DF051-216E-4D33-89EC-4F8C0CFF2489}"
EndProject
Project("{9A19103F-16F7-4668-BE54-9A1E7A4F7556}") = "Buran.Core.MvcLibrary", "BuranCore.MvcLibrary\Buran.Core.MvcLibrary.csproj", "{B3F5E5F4-6D0D-422B-8DA3-81ABEE988807}"
EndProject
Global
	GlobalSection(SolutionConfigurationPlatforms) = preSolution
		Debug|Any CPU = Debug|Any CPU
		Debug|ARM = Debug|ARM
		Debug|x64 = Debug|x64
		Debug|x86 = Debug|x86
		Release|Any CPU = Release|Any CPU
		Release|ARM = Release|ARM
		Release|x64 = Release|x64
		Release|x86 = Release|x86
	EndGlobalSection
	GlobalSection(ProjectConfigurationPlatforms) = postSolution
		{8C6DF051-216E-4D33-89EC-4F8C0CFF2489}.Debug|Any CPU.ActiveCfg = Debug|Any CPU
		{8C6DF051-216E-4D33-89EC-4F8C0CFF2489}.Debug|Any CPU.Build.0 = Debug|Any CPU
		{8C6DF051-216E-4D33-89EC-4F8C0CFF2489}.Debug|ARM.ActiveCfg = Debug|Any CPU
		{8C6DF051-216E-4D33-89EC-4F8C0CFF2489}.Debug|ARM.Build.0 = Debug|Any CPU
		{8C6DF051-216E-4D33-89EC-4F8C0CFF2489}.Debug|x64.ActiveCfg = Debug|Any CPU
		{8C6DF051-216E-4D33-89EC-4F8C0CFF2489}.Debug|x64.Build.0 = Debug|Any CPU
		{8C6DF051-216E-4D33-89EC-4F8C0CFF2489}.Debug|x86.ActiveCfg = Debug|Any CPU
		{8C6DF051-216E-4D33-89EC-4F8C0CFF2489}.Debug|x86.Build.0 = Debug|Any CPU
		{8C6DF051-216E-4D33-89EC-4F8C0CFF2489}.Release|Any CPU.ActiveCfg = Release|Any CPU
		{8C6DF051-216E-4D33-89EC-4F8C0CFF2489}.Release|Any CPU.Build.0 = Release|Any CPU
		{8C6DF051-216E-4D33-89EC-4F8C0CFF2489}.Release|ARM.ActiveCfg = Release|Any CPU
		{8C6DF051-216E-4D33-89EC-4F8C0CFF2489}.Release|ARM.Build.0 = Release|Any CPU
		{8C6DF051-216E-4D33-89EC-4F8C0CFF2489}.Release|x64.ActiveCfg = Release|Any CPU
		{8C6DF051-216E-4D33-89EC-4F8C0CFF2489}.Release|x64.Build.0 = Release|Any CPU
		{8C6DF051-216E-4D33-89EC-4F8C0CFF2489}.Release|x86.ActiveCfg = Release|Any CPU
		{8C6DF051-216E-4D33-89EC-4F8C0CFF2489}.Release|x86.Build.0 = Release|Any CPU
		{B3F5E5F4-6D0D-422B-8DA3-81ABEE988807}.Debug|Any CPU.ActiveCfg = Debug|Any CPU
		{B3F5E5F4-6D0D-422B-8DA3-81ABEE988807}.Debug|Any CPU.Build.0 = Debug|Any CPU
		{B3F5E5F4-6D0D-422B-8DA3-81ABEE988807}.Debug|ARM.ActiveCfg = Debug|Any CPU
		{B3F5E5F4-6D0D-422B-8DA3-81ABEE988807}.Debug|ARM.Build.0 = Debug|Any CPU
		{B3F5E5F4-6D0D-422B-8DA3-81ABEE988807}.Debug|x64.ActiveCfg = Debug|Any CPU
		{B3F5E5F4-6D0D-422B-8DA3-81ABEE988807}.Debug|x64.Build.0 = Debug|Any CPU
		{B3F5E5F4-6D0D-422B-8DA3-81ABEE988807}.Debug|x86.ActiveCfg = Debug|Any CPU
		{B3F5E5F4-6D0D-422B-8DA3-81ABEE988807}.Debug|x86.Build.0 = Debug|Any CPU
		{B3F5E5F4-6D0D-422B-8DA3-81ABEE988807}.Release|Any CPU.ActiveCfg = Release|Any CPU
		{B3F5E5F4-6D0D-422B-8DA3-81ABEE988807}.Release|Any CPU.Build.0 = Release|Any CPU
		{B3F5E5F4-6D0D-422B-8DA3-81ABEE988807}.Release|ARM.ActiveCfg = Release|Any CPU
		{B3F5E5F4-6D0D-422B-8DA3-81ABEE988807}.Release|ARM.Build.0 = Release|Any CPU
		{B3F5E5F4-6D0D-422B-8DA3-81ABEE988807}.Release|x64.ActiveCfg = Release|Any CPU
		{B3F5E5F4-6D0D-422B-8DA3-81ABEE988807}.Release|x64.Build.0 = Release|Any CPU
		{B3F5E5F4-6D0D-422B-8DA3-81ABEE988807}.Release|x86.ActiveCfg = Release|Any CPU
		{B3F5E5F4-6D0D-422B-8DA3-81ABEE988807}.Release|x86.Build.0 = Release|Any CPU
	EndGlobalSection
	GlobalSection(SolutionProperties) = preSolution
		HideSolutionNode = FALSE
	EndGlobalSection
	GlobalSection(ExtensibilityGlobals) = postSolution
		SolutionGuid = {302FC7A2-D8D9-4922-9FF1-BE0B38D86436}
	EndGlobalSection
EndGlobal
